
Microsoft Visual Studio Solution File, Format Version 12.00
# Visual Studio 14
VisualStudioVersion = 14.0.25420.1
MinimumVisualStudioVersion = 10.0.40219.1
Project("{FAE04EC0-301F-11D3-BF4B-00C04F79EFBC}") = "WikiAgiliyInterface", "WikiAgilityInterface\WikiAgiliyInterface.csproj", "{B2E8529C-4C3B-41A7-9549-E0F8211FDC41}"
EndProject
Project("{FAE04EC0-301F-11D3-BF4B-00C04F79EFBC}") = "WikiAgilityClassLibrary", "WikiAgilityClassLibrary\WikiAgilityClassLibrary.csproj", "{46992BC4-7F9D-4428-9C6C-884113D1B71C}"
EndProject
Global
	GlobalSection(SolutionConfigurationPlatforms) = preSolution
		Debug|Any CPU = Debug|Any CPU
		Release|Any CPU = Release|Any CPU
	EndGlobalSection
	GlobalSection(ProjectConfigurationPlatforms) = postSolution
		{B2E8529C-4C3B-41A7-9549-E0F8211FDC41}.Debug|Any CPU.ActiveCfg = Debug|Any CPU
		{B2E8529C-4C3B-41A7-9549-E0F8211FDC41}.Debug|Any CPU.Build.0 = Debug|Any CPU
		{B2E8529C-4C3B-41A7-9549-E0F8211FDC41}.Release|Any CPU.ActiveCfg = Release|Any CPU
		{B2E8529C-4C3B-41A7-9549-E0F8211FDC41}.Release|Any CPU.Build.0 = Release|Any CPU
		{46992BC4-7F9D-4428-9C6C-884113D1B71C}.Debug|Any CPU.ActiveCfg = Debug|Any CPU
		{46992BC4-7F9D-4428-9C6C-884113D1B71C}.Debug|Any CPU.Build.0 = Debug|Any CPU
		{46992BC4-7F9D-4428-9C6C-884113D1B71C}.Release|Any CPU.ActiveCfg = Release|Any CPU
		{46992BC4-7F9D-4428-9C6C-884113D1B71C}.Release|Any CPU.Build.0 = Release|Any CPU
	EndGlobalSection
	GlobalSection(SolutionProperties) = preSolution
		HideSolutionNode = FALSE
	EndGlobalSection
EndGlobal
